
Microsoft Visual Studio Solution File, Format Version 12.00
# Visual Studio 15
VisualStudioVersion = 15.0.28307.271
MinimumVisualStudioVersion = 10.0.40219.1
Project("{FAE04EC0-301F-11D3-BF4B-00C04F79EFBC}") = "AspNetCoreBackend", "AspNetCoreBackend\AspNetCoreBackend.csproj", "{D3B8D776-BB0A-4049-A254-501345A8E037}"
EndProject
Global
	GlobalSection(SolutionConfigurationPlatforms) = preSolution
		Debug|Any CPU = Debug|Any CPU
		Release|Any CPU = Release|Any CPU
	EndGlobalSection
	GlobalSection(ProjectConfigurationPlatforms) = postSolution
		{D3B8D776-BB0A-4049-A254-501345A8E037}.Debug|Any CPU.ActiveCfg = Debug|Any CPU
		{D3B8D776-BB0A-4049-A254-501345A8E037}.Debug|Any CPU.Build.0 = Debug|Any CPU
		{D3B8D776-BB0A-4049-A254-501345A8E037}.Release|Any CPU.ActiveCfg = Release|Any CPU
		{D3B8D776-BB0A-4049-A254-501345A8E037}.Release|Any CPU.Build.0 = Release|Any CPU
	EndGlobalSection
	GlobalSection(SolutionProperties) = preSolution
		HideSolutionNode = FALSE
	EndGlobalSection
	GlobalSection(ExtensibilityGlobals) = postSolution
		SolutionGuid = {FEC9B2D4-276C-4FE4-93EF-C9F0BD349E1A}
	EndGlobalSection
EndGlobal
